<?xml version="1.0" encoding="utf-8"?>
<Project ToolsVersion="4.0" xmlns="http://schemas.microsoft.com/developer/msbuild/2003">
  <ItemGroup>
    <Filter Include="Source Files">
      <UniqueIdentifier>{4FC737F1-C7A5-4376-A066-2A32D752A2FF}</UniqueIdentifier>
      <Extensions>cpp;c;cc;cxx;def;odl;idl;hpj;bat;asm;asmx</Extensions>
    </Filter>
    <Filter Include="Header Files">
      <UniqueIdentifier>{93995380-89BD-4b04-88EB-625FBE52EBFB}</UniqueIdentifier>
      <Extensions>h;hh;hpp;hxx;hm;inl;inc;ipp;xsd</Extensions>
    </Filter>
    <Filter Include="Resource Files">
      <UniqueIdentifier>{67DA6AB6-F800-4c08-8B7A-83BB121AAD01}</UniqueIdentifier>
      <Extensions>rc;ico;cur;bmp;dlg;rc2;rct;bin;rgs;gif;jpg;jpeg;jpe;resx;tiff;tif;png;wav;mfcribbon-ms</Extensions>
    </Filter>
  </ItemGroup>
  <ItemGroup>
    <ClInclude Include="AEE_Defs.hpp">
      <Filter>Header Files</Filter>
    </ClInclude>
    <ClInclude Include="BobHash.hpp">
      <Filter>Header Files</Filter>
    </ClInclude>
    <ClInclude Include="CMS.hpp">
      <Filter>Header Files</Filter>
    </ClInclude>
    <ClInclude Include="CMSTests.hpp">
      <Filter>Header Files</Filter>
    </ClInclude>
    <ClInclude Include="CountMinAEE.hpp">
      <Filter>Header Files</Filter>
    </ClInclude>
    <ClInclude Include="CountSketch.hpp">
      <Filter>Header Files</Filter>
    </ClInclude>
    <ClInclude Include="CountSketchTests.hpp">
      <Filter>Header Files</Filter>
    </ClInclude>
    <ClInclude Include="Defs.hpp">
      <Filter>Header Files</Filter>
    </ClInclude>
    <ClInclude Include="genzipf.h">
      <Filter>Header Files</Filter>
    </ClInclude>
    <ClInclude Include="RngFast.hpp">
      <Filter>Header Files</Filter>
    </ClInclude>
    <ClInclude Include="SalsaCMS.hpp">
      <Filter>Header Files</Filter>
    </ClInclude>
    <ClInclude Include="SalsaCMSBaseline.hpp">
      <Filter>Header Files</Filter>
    </ClInclude>
    <ClInclude Include="smartSALSA.hpp">
      <Filter>Header Files</Filter>
    </ClInclude>
    <ClInclude Include="smartSALSAtests.h">
      <Filter>Header Files</Filter>
    </ClInclude>
    <ClInclude Include="TangoCMS.hpp">
      <Filter>Header Files</Filter>
    </ClInclude>
    <ClInclude Include="TangoCMSBaseline.hpp">
      <Filter>Header Files</Filter>
    </ClInclude>
    <ClInclude Include="topK.hpp">
      <Filter>Header Files</Filter>
    </ClInclude>
    <ClInclude Include="UnivMon.hpp">
      <Filter>Header Files</Filter>
    </ClInclude>
    <ClInclude Include="UnivMonTests.hpp">
      <Filter>Header Files</Filter>
    </ClInclude>
  </ItemGroup>
  <ItemGroup>
    <ClCompile Include="BobHash.cpp">
      <Filter>Source Files</Filter>
    </ClCompile>
    <ClCompile Include="CMS.cpp">
      <Filter>Source Files</Filter>
    </ClCompile>
    <ClCompile Include="CMSTests.cpp">
      <Filter>Source Files</Filter>
    </ClCompile>
    <ClCompile Include="CountMinAEE.cpp">
      <Filter>Source Files</Filter>
    </ClCompile>
    <ClCompile Include="CountSketch.cpp">
      <Filter>Source Files</Filter>
    </ClCompile>
    <ClCompile Include="CountSketchTests.cpp">
      <Filter>Source Files</Filter>
    </ClCompile>
    <ClCompile Include="main.cpp">
      <Filter>Source Files</Filter>
    </ClCompile>
    <ClCompile Include="SalsaCMS.cpp">
      <Filter>Source Files</Filter>
    </ClCompile>
    <ClCompile Include="SalsaCMSBaseline.cpp">
      <Filter>Source Files</Filter>
    </ClCompile>
    <ClCompile Include="smartSALSA.cpp">
      <Filter>Source Files</Filter>
    </ClCompile>
    <ClCompile Include="smartSALSAtests.cpp">
      <Filter>Source Files</Filter>
    </ClCompile>
    <ClCompile Include="TangoCMS.cpp">
      <Filter>Source Files</Filter>
    </ClCompile>
    <ClCompile Include="TangoCMSBaseline.cpp">
      <Filter>Source Files</Filter>
    </ClCompile>
    <ClCompile Include="UnivMon.cpp">
      <Filter>Source Files</Filter>
    </ClCompile>
    <ClCompile Include="UnivMonTests.cpp">
      <Filter>Source Files</Filter>
    </ClCompile>
  </ItemGroup>
</Project>